<?xml version="1.0" encoding="utf-8"?>
<Project ToolsVersion="4.0" xmlns="http://schemas.microsoft.com/developer/msbuild/2003">
  <ItemGroup>
    <Filter Include="Исходные файлы">
      <UniqueIdentifier>{4FC737F1-C7A5-4376-A066-2A32D752A2FF}</UniqueIdentifier>
      <Extensions>cpp;c;cc;cxx;c++;cppm;ixx;def;odl;idl;hpj;bat;asm;asmx</Extensions>
    </Filter>
    <Filter Include="Файлы заголовков">
      <UniqueIdentifier>{93995380-89BD-4b04-88EB-625FBE52EBFB}</UniqueIdentifier>
      <Extensions>h;hh;hpp;hxx;h++;hm;inl;inc;ipp;xsd</Extensions>
    </Filter>
    <Filter Include="Файлы ресурсов">
      <UniqueIdentifier>{67DA6AB6-F800-4c08-8B7A-83BB121AAD01}</UniqueIdentifier>
      <Extensions>rc;ico;cur;bmp;dlg;rc2;rct;bin;rgs;gif;jpg;jpeg;jpe;resx;tiff;tif;png;wav;mfcribbon-ms</Extensions>
    </Filter>
    <Filter Include="Исходные файлы\Windows">
      <UniqueIdentifier>{728420b8-ba02-4bcb-b1c8-8673c63e5b01}</UniqueIdentifier>
    </Filter>
    <Filter Include="Файлы ресурсов\ShashksImages">
      <UniqueIdentifier>{03a54855-872d-4ab3-8017-69ac48300268}</UniqueIdentifier>
    </Filter>
    <Filter Include="Исходные файлы\Additionals">
      <UniqueIdentifier>{5f38cddf-102b-4cdd-99b6-0755b2bcbc27}</UniqueIdentifier>
    </Filter>
    <Filter Include="Исходные файлы\GameElements">
      <UniqueIdentifier>{9f319fc2-7fae-428a-aa6e-f13446df51ee}</UniqueIdentifier>
    </Filter>
  </ItemGroup>
  <ItemGroup>
    <ClInclude Include="framework.h">
      <Filter>Файлы заголовков</Filter>
    </ClInclude>
    <ClInclude Include="targetver.h">
      <Filter>Файлы заголовков</Filter>
    </ClInclude>
    <ClInclude Include="Resource.h">
      <Filter>Файлы заголовков</Filter>
    </ClInclude>
    <ClInclude Include="ShashkinySashky.h">
      <Filter>Файлы заголовков</Filter>
    </ClInclude>
    <ClInclude Include="HelloWindow.h">
      <Filter>Файлы заголовков</Filter>
    </ClInclude>
    <ClInclude Include="GameWindow.h">
      <Filter>Файлы заголовков</Filter>
    </ClInclude>
    <ClInclude Include="WindowsHeader.h">
      <Filter>Файлы заголовков</Filter>
    </ClInclude>
    <ClInclude Include="Initializer.h">
      <Filter>Файлы заголовков</Filter>
    </ClInclude>
    <ClInclude Include="WindowElementIds.h">
      <Filter>Файлы заголовков</Filter>
    </ClInclude>
    <ClInclude Include="Figure.h">
      <Filter>Файлы заголовков</Filter>
    </ClInclude>
  </ItemGroup>
  <ItemGroup>
    <ClCompile Include="ShashkinySashky.cpp">
      <Filter>Исходные файлы</Filter>
    </ClCompile>
    <ClCompile Include="GameWindow.cpp">
      <Filter>Исходные файлы\Windows</Filter>
    </ClCompile>
    <ClCompile Include="HelloWindow.cpp">
      <Filter>Исходные файлы\Windows</Filter>
    </ClCompile>
    <ClCompile Include="Figure.cpp">
      <Filter>Исходные файлы</Filter>
    </ClCompile>
  </ItemGroup>
  <ItemGroup>
    <Image Include="small.ico">
      <Filter>Файлы ресурсов</Filter>
    </Image>
    <Image Include="Resrources\BlackQueen.png">
      <Filter>Файлы ресурсов\ShashksImages</Filter>
    </Image>
    <Image Include="Resrources\BlackShash.png">
      <Filter>Файлы ресурсов\ShashksImages</Filter>
    </Image>
    <Image Include="Resrources\WhiteQueen.png">
      <Filter>Файлы ресурсов\ShashksImages</Filter>
    </Image>
    <Image Include="ShashkinySashky.ico">
      <Filter>Файлы ресурсов</Filter>
    </Image>
    <Image Include="Resrources\WhiteShahs.png">
      <Filter>Файлы ресурсов\ShashksImages</Filter>
    </Image>
  </ItemGroup>
  <ItemGroup>
    <ResourceCompile Include="ShashkinySashky.rc">
      <Filter>Файлы ресурсов</Filter>
    </ResourceCompile>
  </ItemGroup>
</Project>